
Microsoft Visual Studio Solution File, Format Version 12.00
Project("{FAE04EC0-301F-11D3-BF4B-00C04F79EFBC}") = "TreeSitter.Bindings.UnitTests", "tests\TreeSitter.Bindings.UnitTests\TreeSitter.Bindings.UnitTests.csproj", "{CA495E43-A982-4875-B734-A5047AD40B5E}"
EndProject
Project("{FAE04EC0-301F-11D3-BF4B-00C04F79EFBC}") = "TreeSitter.Bindings", "src\TreeSitter.Bindings\TreeSitter.Bindings.csproj", "{772DB934-EC8B-4B4E-A58A-57475A887CC0}"
EndProject
Project("{FAE04EC0-301F-11D3-BF4B-00C04F79EFBC}") = "TreeSitter.Bindings.Sample", "samples\TreeSitter.Bindings.Sample\TreeSitter.Bindings.Sample.csproj", "{3FFF8E24-F81B-4C2B-B8AF-D77A969E4896}"
EndProject
Project("{2150E333-8FDC-42A3-9474-1A3956D46DE8}") = "src", "src", "{12645278-BFC8-411B-83BF-21F9F5F0D9CE}"
EndProject
Project("{2150E333-8FDC-42A3-9474-1A3956D46DE8}") = "tests", "tests", "{0CC2B801-EAA2-4575-941E-48C26CDC58CB}"
EndProject
Project("{2150E333-8FDC-42A3-9474-1A3956D46DE8}") = "samples", "samples", "{04E843DF-BFA5-46A4-98A8-A7103CBEAC13}"
EndProject
Project("{FAE04EC0-301F-11D3-BF4B-00C04F79EFBC}") = "TreeSitter.Bindings.Json", "src\TreeSitter.Bindings.Json\TreeSitter.Bindings.Json.csproj", "{8CFE12DB-0D27-4C4E-A69C-98EE50A42FAC}"
EndProject
Global
	GlobalSection(SolutionConfigurationPlatforms) = preSolution
		Debug|Any CPU = Debug|Any CPU
		Release|Any CPU = Release|Any CPU
	EndGlobalSection
	GlobalSection(ProjectConfigurationPlatforms) = postSolution
		{CA495E43-A982-4875-B734-A5047AD40B5E}.Debug|Any CPU.ActiveCfg = Debug|Any CPU
		{CA495E43-A982-4875-B734-A5047AD40B5E}.Debug|Any CPU.Build.0 = Debug|Any CPU
		{CA495E43-A982-4875-B734-A5047AD40B5E}.Release|Any CPU.ActiveCfg = Release|Any CPU
		{CA495E43-A982-4875-B734-A5047AD40B5E}.Release|Any CPU.Build.0 = Release|Any CPU
		{772DB934-EC8B-4B4E-A58A-57475A887CC0}.Debug|Any CPU.ActiveCfg = Debug|Any CPU
		{772DB934-EC8B-4B4E-A58A-57475A887CC0}.Debug|Any CPU.Build.0 = Debug|Any CPU
		{772DB934-EC8B-4B4E-A58A-57475A887CC0}.Release|Any CPU.ActiveCfg = Release|Any CPU
		{772DB934-EC8B-4B4E-A58A-57475A887CC0}.Release|Any CPU.Build.0 = Release|Any CPU
		{3FFF8E24-F81B-4C2B-B8AF-D77A969E4896}.Debug|Any CPU.ActiveCfg = Debug|Any CPU
		{3FFF8E24-F81B-4C2B-B8AF-D77A969E4896}.Debug|Any CPU.Build.0 = Debug|Any CPU
		{3FFF8E24-F81B-4C2B-B8AF-D77A969E4896}.Release|Any CPU.ActiveCfg = Release|Any CPU
		{3FFF8E24-F81B-4C2B-B8AF-D77A969E4896}.Release|Any CPU.Build.0 = Release|Any CPU
		{8CFE12DB-0D27-4C4E-A69C-98EE50A42FAC}.Debug|Any CPU.ActiveCfg = Debug|Any CPU
		{8CFE12DB-0D27-4C4E-A69C-98EE50A42FAC}.Debug|Any CPU.Build.0 = Debug|Any CPU
		{8CFE12DB-0D27-4C4E-A69C-98EE50A42FAC}.Release|Any CPU.ActiveCfg = Release|Any CPU
		{8CFE12DB-0D27-4C4E-A69C-98EE50A42FAC}.Release|Any CPU.Build.0 = Release|Any CPU
	EndGlobalSection
	GlobalSection(NestedProjects) = preSolution
		{772DB934-EC8B-4B4E-A58A-57475A887CC0} = {12645278-BFC8-411B-83BF-21F9F5F0D9CE}
		{CA495E43-A982-4875-B734-A5047AD40B5E} = {0CC2B801-EAA2-4575-941E-48C26CDC58CB}
		{3FFF8E24-F81B-4C2B-B8AF-D77A969E4896} = {04E843DF-BFA5-46A4-98A8-A7103CBEAC13}
		{8CFE12DB-0D27-4C4E-A69C-98EE50A42FAC} = {12645278-BFC8-411B-83BF-21F9F5F0D9CE}
	EndGlobalSection
EndGlobal
