
Microsoft Visual Studio Solution File, Format Version 12.00
Project("{FAE04EC0-301F-11D3-BF4B-00C04F79EFBC}") = "TreeSitter.Bindings", "TreeSitter.Bindings\TreeSitter.Bindings.csproj", "{4E2A9230-85E0-466E-91D4-1FEE5F9C7605}"
EndProject
Project("{FAE04EC0-301F-11D3-BF4B-00C04F79EFBC}") = "TreeSitter.Bindings.UnitTests", "TreeSitter.Bindings.UnitTests\TreeSitter.Bindings.UnitTests.csproj", "{A752805F-BE7B-4912-8453-77339F68DF18}"
EndProject
Project("{FAE04EC0-301F-11D3-BF4B-00C04F79EFBC}") = "TreeSitter.Sample", "TreeSitter.Sample\TreeSitter.Sample.csproj", "{70D6A4AB-9B4D-41E5-A7C1-5C10AD37227E}"
EndProject
Global
	GlobalSection(SolutionConfigurationPlatforms) = preSolution
		Debug|Any CPU = Debug|Any CPU
		Release|Any CPU = Release|Any CPU
	EndGlobalSection
	GlobalSection(ProjectConfigurationPlatforms) = postSolution
		{4E2A9230-85E0-466E-91D4-1FEE5F9C7605}.Debug|Any CPU.ActiveCfg = Debug|Any CPU
		{4E2A9230-85E0-466E-91D4-1FEE5F9C7605}.Debug|Any CPU.Build.0 = Debug|Any CPU
		{4E2A9230-85E0-466E-91D4-1FEE5F9C7605}.Release|Any CPU.ActiveCfg = Release|Any CPU
		{4E2A9230-85E0-466E-91D4-1FEE5F9C7605}.Release|Any CPU.Build.0 = Release|Any CPU
		{A752805F-BE7B-4912-8453-77339F68DF18}.Debug|Any CPU.ActiveCfg = Debug|Any CPU
		{A752805F-BE7B-4912-8453-77339F68DF18}.Debug|Any CPU.Build.0 = Debug|Any CPU
		{A752805F-BE7B-4912-8453-77339F68DF18}.Release|Any CPU.ActiveCfg = Release|Any CPU
		{A752805F-BE7B-4912-8453-77339F68DF18}.Release|Any CPU.Build.0 = Release|Any CPU
		{70D6A4AB-9B4D-41E5-A7C1-5C10AD37227E}.Debug|Any CPU.ActiveCfg = Debug|Any CPU
		{70D6A4AB-9B4D-41E5-A7C1-5C10AD37227E}.Debug|Any CPU.Build.0 = Debug|Any CPU
		{70D6A4AB-9B4D-41E5-A7C1-5C10AD37227E}.Release|Any CPU.ActiveCfg = Release|Any CPU
		{70D6A4AB-9B4D-41E5-A7C1-5C10AD37227E}.Release|Any CPU.Build.0 = Release|Any CPU
	EndGlobalSection
EndGlobal
